
Microsoft Visual Studio Solution File, Format Version 12.00
# Visual Studio Version 16
VisualStudioVersion = 16.0.29519.87
MinimumVisualStudioVersion = 10.0.40219.1
Project("{FAE04EC0-301F-11D3-BF4B-00C04F79EFBC}") = "Btap", "Btap\Btap.csproj", "{F91C6A7A-0B8D-4FB5-BEBF-99F67690D2A0}"
EndProject
Global
	GlobalSection(SolutionConfigurationPlatforms) = preSolution
		Debug|Any CPU = Debug|Any CPU
		Release|Any CPU = Release|Any CPU
	EndGlobalSection
	GlobalSection(ProjectConfigurationPlatforms) = postSolution
		{F91C6A7A-0B8D-4FB5-BEBF-99F67690D2A0}.Debug|Any CPU.ActiveCfg = Debug|Any CPU
		{F91C6A7A-0B8D-4FB5-BEBF-99F67690D2A0}.Debug|Any CPU.Build.0 = Debug|Any CPU
		{F91C6A7A-0B8D-4FB5-BEBF-99F67690D2A0}.Release|Any CPU.ActiveCfg = Release|Any CPU
		{F91C6A7A-0B8D-4FB5-BEBF-99F67690D2A0}.Release|Any CPU.Build.0 = Release|Any CPU
	EndGlobalSection
	GlobalSection(SolutionProperties) = preSolution
		HideSolutionNode = FALSE
	EndGlobalSection
	GlobalSection(ExtensibilityGlobals) = postSolution
		SolutionGuid = {AEDB92C3-7074-4D80-8EE5-60E7C1437199}
	EndGlobalSection
EndGlobal
